{
  "name": "Bookstore",
  "lockfileVersion": 2,
  "requires": true,
  "packages": {
    "": {
      "dependencies": {
        "immutability-helper": "^3.1.1",
        "read-more-react": "^1.0.10"
      }
    },
    "node_modules/immutability-helper": {
      "version": "3.1.1",
      "resolved": "https://registry.npmjs.org/immutability-helper/-/immutability-helper-3.1.1.tgz",
      "integrity": "sha512-Q0QaXjPjwIju/28TsugCHNEASwoCcJSyJV3uO1sOIQGI0jKgm9f41Lvz0DZj3n46cNCyAZTsEYoY4C2bVRUzyQ=="
    },
    "node_modules/read-more-react": {
      "version": "1.0.10",
      "resolved": "https://registry.npmjs.org/read-more-react/-/read-more-react-1.0.10.tgz",
      "integrity": "sha512-8IRDU/tJX1hLbHjPxJHeUxAhm/wC8RHPSbAA+3mS7Dk13/PJf9ra7Z18apkqqPkENIoEaQI5NqhIMQIa1vOxfw=="
    }
  },
  "dependencies": {
    "immutability-helper": {
      "version": "3.1.1",
      "resolved": "https://registry.npmjs.org/immutability-helper/-/immutability-helper-3.1.1.tgz",
      "integrity": "sha512-Q0QaXjPjwIju/28TsugCHNEASwoCcJSyJV3uO1sOIQGI0jKgm9f41Lvz0DZj3n46cNCyAZTsEYoY4C2bVRUzyQ=="
    },
    "read-more-react": {
      "version": "1.0.10",
      "resolved": "https://registry.npmjs.org/read-more-react/-/read-more-react-1.0.10.tgz",
      "integrity": "sha512-8IRDU/tJX1hLbHjPxJHeUxAhm/wC8RHPSbAA+3mS7Dk13/PJf9ra7Z18apkqqPkENIoEaQI5NqhIMQIa1vOxfw=="
    }
  }
}
